
Microsoft Visual Studio Solution File, Format Version 12.00
# Visual Studio 15
VisualStudioVersion = 15.0.26124.0
MinimumVisualStudioVersion = 15.0.26124.0
Project("{2150E333-8FDC-42A3-9474-1A3956D46DE8}") = "src", "src", "{6DBFA77C-B7F3-420E-889A-D60876FA4DB8}"
EndProject
Project("{FAE04EC0-301F-11D3-BF4B-00C04F79EFBC}") = "EfCoreDataChange", "src\EfCoreDataChange\EfCoreDataChange.csproj", "{8C8B0B70-D292-4E77-B331-A99A7C75CAC3}"
EndProject
Project("{FAE04EC0-301F-11D3-BF4B-00C04F79EFBC}") = "test", "test\test.csproj", "{B2C38AF8-0425-4088-855E-FE48ECEF4062}"
EndProject
Global
	GlobalSection(SolutionConfigurationPlatforms) = preSolution
		Debug|Any CPU = Debug|Any CPU
		Debug|x64 = Debug|x64
		Debug|x86 = Debug|x86
		Release|Any CPU = Release|Any CPU
		Release|x64 = Release|x64
		Release|x86 = Release|x86
	EndGlobalSection
	GlobalSection(SolutionProperties) = preSolution
		HideSolutionNode = FALSE
	EndGlobalSection
	GlobalSection(ProjectConfigurationPlatforms) = postSolution
		{8C8B0B70-D292-4E77-B331-A99A7C75CAC3}.Debug|Any CPU.ActiveCfg = Debug|Any CPU
		{8C8B0B70-D292-4E77-B331-A99A7C75CAC3}.Debug|Any CPU.Build.0 = Debug|Any CPU
		{8C8B0B70-D292-4E77-B331-A99A7C75CAC3}.Debug|x64.ActiveCfg = Debug|Any CPU
		{8C8B0B70-D292-4E77-B331-A99A7C75CAC3}.Debug|x64.Build.0 = Debug|Any CPU
		{8C8B0B70-D292-4E77-B331-A99A7C75CAC3}.Debug|x86.ActiveCfg = Debug|Any CPU
		{8C8B0B70-D292-4E77-B331-A99A7C75CAC3}.Debug|x86.Build.0 = Debug|Any CPU
		{8C8B0B70-D292-4E77-B331-A99A7C75CAC3}.Release|Any CPU.ActiveCfg = Release|Any CPU
		{8C8B0B70-D292-4E77-B331-A99A7C75CAC3}.Release|Any CPU.Build.0 = Release|Any CPU
		{8C8B0B70-D292-4E77-B331-A99A7C75CAC3}.Release|x64.ActiveCfg = Release|Any CPU
		{8C8B0B70-D292-4E77-B331-A99A7C75CAC3}.Release|x64.Build.0 = Release|Any CPU
		{8C8B0B70-D292-4E77-B331-A99A7C75CAC3}.Release|x86.ActiveCfg = Release|Any CPU
		{8C8B0B70-D292-4E77-B331-A99A7C75CAC3}.Release|x86.Build.0 = Release|Any CPU
		{B2C38AF8-0425-4088-855E-FE48ECEF4062}.Debug|Any CPU.ActiveCfg = Debug|Any CPU
		{B2C38AF8-0425-4088-855E-FE48ECEF4062}.Debug|Any CPU.Build.0 = Debug|Any CPU
		{B2C38AF8-0425-4088-855E-FE48ECEF4062}.Debug|x64.ActiveCfg = Debug|Any CPU
		{B2C38AF8-0425-4088-855E-FE48ECEF4062}.Debug|x64.Build.0 = Debug|Any CPU
		{B2C38AF8-0425-4088-855E-FE48ECEF4062}.Debug|x86.ActiveCfg = Debug|Any CPU
		{B2C38AF8-0425-4088-855E-FE48ECEF4062}.Debug|x86.Build.0 = Debug|Any CPU
		{B2C38AF8-0425-4088-855E-FE48ECEF4062}.Release|Any CPU.ActiveCfg = Release|Any CPU
		{B2C38AF8-0425-4088-855E-FE48ECEF4062}.Release|Any CPU.Build.0 = Release|Any CPU
		{B2C38AF8-0425-4088-855E-FE48ECEF4062}.Release|x64.ActiveCfg = Release|Any CPU
		{B2C38AF8-0425-4088-855E-FE48ECEF4062}.Release|x64.Build.0 = Release|Any CPU
		{B2C38AF8-0425-4088-855E-FE48ECEF4062}.Release|x86.ActiveCfg = Release|Any CPU
		{B2C38AF8-0425-4088-855E-FE48ECEF4062}.Release|x86.Build.0 = Release|Any CPU
	EndGlobalSection
	GlobalSection(NestedProjects) = preSolution
		{8C8B0B70-D292-4E77-B331-A99A7C75CAC3} = {6DBFA77C-B7F3-420E-889A-D60876FA4DB8}
	EndGlobalSection
EndGlobal
